
Microsoft Visual Studio Solution File, Format Version 12.00
# Visual Studio Version 16
VisualStudioVersion = 16.0.28803.352
MinimumVisualStudioVersion = 10.0.40219.1
Project("{FAE04EC0-301F-11D3-BF4B-00C04F79EFBC}") = "B2Sync", "B2Sync\B2Sync.csproj", "{87F8A330-D0C1-41EB-BD42-633F28098C67}"
EndProject
Global
	GlobalSection(SolutionConfigurationPlatforms) = preSolution
		Debug|Any CPU = Debug|Any CPU
		Release|Any CPU = Release|Any CPU
	EndGlobalSection
	GlobalSection(ProjectConfigurationPlatforms) = postSolution
		{87F8A330-D0C1-41EB-BD42-633F28098C67}.Debug|Any CPU.ActiveCfg = Debug|Any CPU
		{87F8A330-D0C1-41EB-BD42-633F28098C67}.Debug|Any CPU.Build.0 = Debug|Any CPU
		{87F8A330-D0C1-41EB-BD42-633F28098C67}.Release|Any CPU.ActiveCfg = Release|Any CPU
		{87F8A330-D0C1-41EB-BD42-633F28098C67}.Release|Any CPU.Build.0 = Release|Any CPU
	EndGlobalSection
	GlobalSection(SolutionProperties) = preSolution
		HideSolutionNode = FALSE
	EndGlobalSection
	GlobalSection(ExtensibilityGlobals) = postSolution
		SolutionGuid = {4AFCD9F8-D202-4DB9-B7F7-3A0615BE0075}
	EndGlobalSection
EndGlobal
